
Microsoft Visual Studio Solution File, Format Version 12.00
# Visual Studio Version 16
VisualStudioVersion = 16.0.33027.164
MinimumVisualStudioVersion = 10.0.40219.1
Project("{FAE04EC0-301F-11D3-BF4B-00C04F79EFBC}") = "SE Assignment Codes", "SE Assignment Codes\SE Assignment Codes.csproj", "{5320D833-D58C-4D6F-B2B2-67A2700D0936}"
EndProject
Global
	GlobalSection(SolutionConfigurationPlatforms) = preSolution
		Debug|Any CPU = Debug|Any CPU
		Release|Any CPU = Release|Any CPU
	EndGlobalSection
	GlobalSection(ProjectConfigurationPlatforms) = postSolution
		{5320D833-D58C-4D6F-B2B2-67A2700D0936}.Debug|Any CPU.ActiveCfg = Debug|Any CPU
		{5320D833-D58C-4D6F-B2B2-67A2700D0936}.Debug|Any CPU.Build.0 = Debug|Any CPU
		{5320D833-D58C-4D6F-B2B2-67A2700D0936}.Release|Any CPU.ActiveCfg = Release|Any CPU
		{5320D833-D58C-4D6F-B2B2-67A2700D0936}.Release|Any CPU.Build.0 = Release|Any CPU
	EndGlobalSection
	GlobalSection(SolutionProperties) = preSolution
		HideSolutionNode = FALSE
	EndGlobalSection
	GlobalSection(ExtensibilityGlobals) = postSolution
		SolutionGuid = {4C7176BF-A505-4D11-8DEA-9B4F546295F2}
	EndGlobalSection
EndGlobal
